github.com/stellarvector/theme v0.0.0-20260520120731-7df1750d5a1c h1:QVJN6ipFR891nuwtGNLxqGYYY3GQ2PH/7qDN0twHCe0=
github.com/stellarvector/theme v0.0.0-20260520120731-7df1750d5a1c/go.mod h1:Mb4BsJKgf5WbiKJvfpNGE7Ycww4Uo+98U2R+sSM+wmI=
github.com/stellarvector/theme v0.0.0-20260523024305-b8302d2c38be h1:dif2tExww9WGib8P7H4Z8G0A0cRuHE44OVTZmryuHdw=
github.com/stellarvector/theme v0.0.0-20260523024305-b8302d2c38be/go.mod h1:Mb4BsJKgf5WbiKJvfpNGE7Ycww4Uo+98U2R+sSM+wmI=
github.com/stellarvector/theme v0.0.0-20260523202058-f6980e2eca27 h1:LBUxLBkRMHbU+iy749CsAFDgHZKypVXXg/zaIB/tW40=
github.com/stellarvector/theme v0.0.0-20260523202058-f6980e2eca27/go.mod h1:Mb4BsJKgf5WbiKJvfpNGE7Ycww4Uo+98U2R+sSM+wmI=
github.com/stellarvector/theme v0.0.0-20260523204538-46d075f68db6 h1:dvr1cKcOrMOrCqxwWlwNVRJGwD3oR1b9pDEjNYOoP0E=
github.com/stellarvector/theme v0.0.0-20260523204538-46d075f68db6/go.mod h1:Mb4BsJKgf5WbiKJvfpNGE7Ycww4Uo+98U2R+sSM+wmI=
